
Microsoft Visual Studio Solution File, Format Version 12.00
# Visual Studio Version 16
VisualStudioVersion = 16.0.31112.23
MinimumVisualStudioVersion = 10.0.40219.1
Project("{FAE04EC0-301F-11D3-BF4B-00C04F79EFBC}") = "Operator overloading", "Operator overloading\Operator overloading.csproj", "{3FC3AFEE-0181-4BDB-B2FB-64DB74A45F85}"
EndProject
Global
	GlobalSection(SolutionConfigurationPlatforms) = preSolution
		Debug|Any CPU = Debug|Any CPU
		Release|Any CPU = Release|Any CPU
	EndGlobalSection
	GlobalSection(ProjectConfigurationPlatforms) = postSolution
		{3FC3AFEE-0181-4BDB-B2FB-64DB74A45F85}.Debug|Any CPU.ActiveCfg = Debug|Any CPU
		{3FC3AFEE-0181-4BDB-B2FB-64DB74A45F85}.Debug|Any CPU.Build.0 = Debug|Any CPU
		{3FC3AFEE-0181-4BDB-B2FB-64DB74A45F85}.Release|Any CPU.ActiveCfg = Release|Any CPU
		{3FC3AFEE-0181-4BDB-B2FB-64DB74A45F85}.Release|Any CPU.Build.0 = Release|Any CPU
	EndGlobalSection
	GlobalSection(SolutionProperties) = preSolution
		HideSolutionNode = FALSE
	EndGlobalSection
	GlobalSection(ExtensibilityGlobals) = postSolution
		SolutionGuid = {256979BD-530D-4609-87F4-70B5B1ED0D83}
	EndGlobalSection
EndGlobal
